
Microsoft Visual Studio Solution File, Format Version 12.00
# Visual Studio 15
VisualStudioVersion = 15.0.26730.12
MinimumVisualStudioVersion = 10.0.40219.1
Project("{FAE04EC0-301F-11D3-BF4B-00C04F79EFBC}") = "SimpleEssentials", "SimpleEssentials\SimpleEssentials.csproj", "{C4929644-75B0-4768-BE28-E9961BB0B35D}"
EndProject
Project("{FAE04EC0-301F-11D3-BF4B-00C04F79EFBC}") = "SimpleEssentials.Console", "SimpleEssentials.Console\SimpleEssentials.Console.csproj", "{BD19B858-6B40-4065-BB1C-2BF5697169A6}"
EndProject
Project("{9A19103F-16F7-4668-BE54-9A1E7A4F7556}") = "SimpleEssentials.Standard", "SimpleEssentials.Standard\SimpleEssentials.Standard.csproj", "{62ECE93B-F7C3-4212-8F87-06633F0F4DD6}"
EndProject
Global
	GlobalSection(SolutionConfigurationPlatforms) = preSolution
		Debug|Any CPU = Debug|Any CPU
		Release|Any CPU = Release|Any CPU
	EndGlobalSection
	GlobalSection(ProjectConfigurationPlatforms) = postSolution
		{C4929644-75B0-4768-BE28-E9961BB0B35D}.Debug|Any CPU.ActiveCfg = Debug|Any CPU
		{C4929644-75B0-4768-BE28-E9961BB0B35D}.Debug|Any CPU.Build.0 = Debug|Any CPU
		{C4929644-75B0-4768-BE28-E9961BB0B35D}.Release|Any CPU.ActiveCfg = Release|Any CPU
		{C4929644-75B0-4768-BE28-E9961BB0B35D}.Release|Any CPU.Build.0 = Release|Any CPU
		{BD19B858-6B40-4065-BB1C-2BF5697169A6}.Debug|Any CPU.ActiveCfg = Debug|Any CPU
		{BD19B858-6B40-4065-BB1C-2BF5697169A6}.Debug|Any CPU.Build.0 = Debug|Any CPU
		{BD19B858-6B40-4065-BB1C-2BF5697169A6}.Release|Any CPU.ActiveCfg = Release|Any CPU
		{BD19B858-6B40-4065-BB1C-2BF5697169A6}.Release|Any CPU.Build.0 = Release|Any CPU
		{62ECE93B-F7C3-4212-8F87-06633F0F4DD6}.Debug|Any CPU.ActiveCfg = Debug|Any CPU
		{62ECE93B-F7C3-4212-8F87-06633F0F4DD6}.Debug|Any CPU.Build.0 = Debug|Any CPU
		{62ECE93B-F7C3-4212-8F87-06633F0F4DD6}.Release|Any CPU.ActiveCfg = Release|Any CPU
		{62ECE93B-F7C3-4212-8F87-06633F0F4DD6}.Release|Any CPU.Build.0 = Release|Any CPU
	EndGlobalSection
	GlobalSection(SolutionProperties) = preSolution
		HideSolutionNode = FALSE
	EndGlobalSection
	GlobalSection(ExtensibilityGlobals) = postSolution
		SolutionGuid = {7B6F9E27-7DC5-4182-965A-14AD3F46EE8E}
	EndGlobalSection
EndGlobal
